
Microsoft Visual Studio Solution File, Format Version 12.00
# Visual Studio Version 17
VisualStudioVersion = 17.6.33815.320
MinimumVisualStudioVersion = 10.0.40219.1
Project("{FAE04EC0-301F-11D3-BF4B-00C04F79EFBC}") = "LiteDB1", "LiteDB1\LiteDB1.csproj", "{381AC1BD-3F06-431C-B3D2-E5CF613B267F}"
EndProject
Global
	GlobalSection(SolutionConfigurationPlatforms) = preSolution
		Debug|Any CPU = Debug|Any CPU
		Release|Any CPU = Release|Any CPU
	EndGlobalSection
	GlobalSection(ProjectConfigurationPlatforms) = postSolution
		{381AC1BD-3F06-431C-B3D2-E5CF613B267F}.Debug|Any CPU.ActiveCfg = Debug|Any CPU
		{381AC1BD-3F06-431C-B3D2-E5CF613B267F}.Debug|Any CPU.Build.0 = Debug|Any CPU
		{381AC1BD-3F06-431C-B3D2-E5CF613B267F}.Release|Any CPU.ActiveCfg = Release|Any CPU
		{381AC1BD-3F06-431C-B3D2-E5CF613B267F}.Release|Any CPU.Build.0 = Release|Any CPU
	EndGlobalSection
	GlobalSection(SolutionProperties) = preSolution
		HideSolutionNode = FALSE
	EndGlobalSection
	GlobalSection(ExtensibilityGlobals) = postSolution
		SolutionGuid = {00037A60-1694-4810-8345-35573BE41355}
	EndGlobalSection
EndGlobal
